// !$*UTF8*$!
{
	archiveVersion = 1;
	classes = {
	};
	objectVersion = 55;
	objects = {

/* Begin PBXBuildFile section */
		23DD736B27D8109A009A7512 /* AppDelegate.swift in Sources */ = {isa = PBXBuildFile; fileRef = 23DD736A27D8109A009A7512 /* AppDelegate.swift */; };
		23DD736D27D8109A009A7512 /* SceneDelegate.swift in Sources */ = {isa = PBXBuildFile; fileRef = 23DD736C27D8109A009A7512 /* SceneDelegate.swift */; };
		23DD736F27D8109A009A7512 /* ViewController.swift in Sources */ = {isa = PBXBuildFile; fileRef = 23DD736E27D8109A009A7512 /* ViewController.swift */; };
		23DD737227D8109A009A7512 /* Main.storyboard in Resources */ = {isa = PBXBuildFile; fileRef = 23DD737027D8109A009A7512 /* Main.storyboard */; };
		23DD737427D8109E009A7512 /* Assets.xcassets in Resources */ = {isa = PBXBuildFile; fileRef = 23DD737327D8109E009A7512 /* Assets.xcassets */; };
		23DD737727D8109E009A7512 /* LaunchScreen.storyboard in Resources */ = {isa = PBXBuildFile; fileRef = 23DD737527D8109E009A7512 /* LaunchScreen.storyboard */; };
		23DD738227D8109F009A7512 /* What_are_the_odds_Tests.swift in Sources */ = {isa = PBXBuildFile; fileRef = 23DD738127D8109F009A7512 /* What_are_the_odds_Tests.swift */; };
		23DD738C27D8109F009A7512 /* What_are_the_odds_UITests.swift in Sources */ = {isa = PBXBuildFile; fileRef = 23DD738B27D8109F009A7512 /* What_are_the_odds_UITests.swift */; };
		23DD738E27D8109F009A7512 /* What_are_the_odds_UITestsLaunchTests.swift in Sources */ = {isa = PBXBuildFile; fileRef = 23DD738D27D8109F009A7512 /* What_are_the_odds_UITestsLaunchTests.swift */; };
/* End PBXBuildFile section */

/* Begin PBXContainerItemProxy section */
		23DD737E27D8109F009A7512 /* PBXContainerItemProxy */ = {
			isa = PBXContainerItemProxy;
			containerPortal = 23DD735F27D8109A009A7512 /* Project object */;
			proxyType = 1;
			remoteGlobalIDString = 23DD736627D8109A009A7512;
			remoteInfo = "What are the odds?";
		};
		23DD738827D8109F009A7512 /* PBXContainerItemProxy */ = {
			isa = PBXContainerItemProxy;
			containerPortal = 23DD735F27D8109A009A7512 /* Project object */;
			proxyType = 1;
			remoteGlobalIDString = 23DD736627D8109A009A7512;
			remoteInfo = "What are the odds?";
		};
/* End PBXContainerItemProxy section */

/* Begin PBXFileReference section */
		23DD736727D8109A009A7512 /* What are the odds?.app */ = {isa = PBXFileReference; explicitFileType = wrapper.application; includeInIndex = 0; path = "What are the odds?.app"; sourceTree = BUILT_PRODUCTS_DIR; };
		23DD736A27D8109A009A7512 /* AppDelegate.swift */ = {isa = PBXFileReference; lastKnownFileType = sourcecode.swift; path = AppDelegate.swift; sourceTree = "<group>"; };
		23DD736C27D8109A009A7512 /* SceneDelegate.swift */ = {isa = PBXFileReference; lastKnownFileType = sourcecode.swift; path = SceneDelegate.swift; sourceTree = "<group>"; };
		23DD736E27D8109A009A7512 /* ViewController.swift */ = {isa = PBXFileReference; lastKnownFileType = sourcecode.swift; path = ViewController.swift; sourceTree = "<group>"; };
		23DD737127D8109A009A7512 /* Base */ = {isa = PBXFileReference; lastKnownFileType = file.storyboard; name = Base; path = Base.lproj/Main.storyboard; sourceTree = "<group>"; };
		23DD737327D8109E009A7512 /* Assets.xcassets */ = {isa = PBXFileReference; lastKnownFileType = folder.assetcatalog; path = Assets.xcassets; sourceTree = "<group>"; };
		23DD737627D8109E009A7512 /* Base */ = {isa = PBXFileReference; lastKnownFileType = file.storyboard; name = Base; path = Base.lproj/LaunchScreen.storyboard; sourceTree = "<group>"; };
		23DD737827D8109E009A7512 /* Info.plist */ = {isa = PBXFileReference; lastKnownFileType = text.plist.xml; path = Info.plist; sourceTree = "<group>"; };
		23DD737D27D8109F009A7512 /* What are the odds?Tests.xctest */ = {isa = PBXFileReference; explicitFileType = wrapper.cfbundle; includeInIndex = 0; path = "What are the odds?Tests.xctest"; sourceTree = BUILT_PRODUCTS_DIR; };
		23DD738127D8109F009A7512 /* What_are_the_odds_Tests.swift */ = {isa = PBXFileReference; lastKnownFileType = sourcecode.swift; path = What_are_the_odds_Tests.swift; sourceTree = "<group>"; };
		23DD738727D8109F009A7512 /* What are the odds?UITests.xctest */ = {isa = PBXFileReference; explicitFileType = wrapper.cfbundle; includeInIndex = 0; path = "What are the odds?UITests.xctest"; sourceTree = BUILT_PRODUCTS_DIR; };
		23DD738B27D8109F009A7512 /* What_are_the_odds_UITests.swift */ = {isa = PBXFileReference; lastKnownFileType = sourcecode.swift; path = What_are_the_odds_UITests.swift; sourceTree = "<group>"; };
		23DD738D27D8109F009A7512 /* What_are_the_odds_UITestsLaunchTests.swift */ = {isa = PBXFileReference; lastKnownFileType = sourcecode.swift; path = What_are_the_odds_UITestsLaunchTests.swift; sourceTree = "<group>"; };
/* End PBXFileReference section */

/* Begin PBXFrameworksBuildPhase section */
		23DD736427D8109A009A7512 /* Frameworks */ = {
			isa = PBXFrameworksBuildPhase;
			buildActionMask = 2147483647;
			files = (
			);
			runOnlyForDeploymentPostprocessing = 0;
		};
		23DD737A27D8109F009A7512 /* Frameworks */ = {
			isa = PBXFrameworksBuildPhase;
			buildActionMask = 2147483647;
			files = (
			);
			runOnlyForDeploymentPostprocessing = 0;
		};
		23DD738427D8109F009A7512 /* Frameworks */ = {
			isa = PBXFrameworksBuildPhase;
			buildActionMask = 2147483647;
			files = (
			);
			runOnlyForDeploymentPostprocessing = 0;
		};
/* End PBXFrameworksBuildPhase section */

/* Begin PBXGroup section */
		23DD735E27D8109A009A7512 = {
			isa = PBXGroup;
			children = (
				23DD736927D8109A009A7512 /* What are the odds? */,
				23DD738027D8109F009A7512 /* What are the odds?Tests */,
				23DD738A27D8109F009A7512 /* What are the odds?UITests */,
				23DD736827D8109A009A7512 /* Products */,
			);
			sourceTree = "<group>";
		};
		23DD736827D8109A009A7512 /* Products */ = {
			isa = PBXGroup;
			children = (
				23DD736727D8109A009A7512 /* What are the odds?.app */,
				23DD737D27D8109F009A7512 /* What are the odds?Tests.xctest */,
				23DD738727D8109F009A7512 /* What are the odds?UITests.xctest */,
			);
			name = Products;
			sourceTree = "<group>";
		};
		23DD736927D8109A009A7512 /* What are the odds? */ = {
			isa = PBXGroup;
			children = (
				23DD736A27D8109A009A7512 /* AppDelegate.swift */,
				23DD736C27D8109A009A7512 /* SceneDelegate.swift */,
				23DD736E27D8109A009A7512 /* ViewController.swift */,
				23DD737027D8109A009A7512 /* Main.storyboard */,
				23DD737327D8109E009A7512 /* Assets.xcassets */,
				23DD737527D8109E009A7512 /* LaunchScreen.storyboard */,
				23DD737827D8109E009A7512 /* Info.plist */,
			);
			path = "What are the odds?";
			sourceTree = "<group>";
		};
		23DD738027D8109F009A7512 /* What are the odds?Tests */ = {
			isa = PBXGroup;
			children = (
				23DD738127D8109F009A7512 /* What_are_the_odds_Tests.swift */,
			);
			path = "What are the odds?Tests";
			sourceTree = "<group>";
		};
		23DD738A27D8109F009A7512 /* What are the odds?UITests */ = {
			isa = PBXGroup;
			children = (
				23DD738B27D8109F009A7512 /* What_are_the_odds_UITests.swift */,
				23DD738D27D8109F009A7512 /* What_are_the_odds_UITestsLaunchTests.swift */,
			);
			path = "What are the odds?UITests";
			sourceTree = "<group>";
		};
/* End PBXGroup section */

/* Begin PBXNativeTarget section */
		23DD736627D8109A009A7512 /* What are the odds? */ = {
			isa = PBXNativeTarget;
			buildConfigurationList = 23DD739127D8109F009A7512 /* Build configuration list for PBXNativeTarget "What are the odds?" */;
			buildPhases = (
				23DD736327D8109A009A7512 /* Sources */,
				23DD736427D8109A009A7512 /* Frameworks */,
				23DD736527D8109A009A7512 /* Resources */,
			);
			buildRules = (
			);
			dependencies = (
			);
			name = "What are the odds?";
			productName = "What are the odds?";
			productReference = 23DD736727D8109A009A7512 /* What are the odds?.app */;
			productType = "com.apple.product-type.application";
		};
		23DD737C27D8109F009A7512 /* What are the odds?Tests */ = {
			isa = PBXNativeTarget;
			buildConfigurationList = 23DD739427D8109F009A7512 /* Build configuration list for PBXNativeTarget "What are the odds?Tests" */;
			buildPhases = (
				23DD737927D8109F009A7512 /* Sources */,
				23DD737A27D8109F009A7512 /* Frameworks */,
				23DD737B27D8109F009A7512 /* Resources */,
			);
			buildRules = (
			);
			dependencies = (
				23DD737F27D8109F009A7512 /* PBXTargetDependency */,
			);
			name = "What are the odds?Tests";
			productName = "What are the odds?Tests";
			productReference = 23DD737D27D8109F009A7512 /* What are the odds?Tests.xctest */;
			productType = "com.apple.product-type.bundle.unit-test";
		};
		23DD738627D8109F009A7512 /* What are the odds?UITests */ = {
			isa = PBXNativeTarget;
			buildConfigurationList = 23DD739727D8109F009A7512 /* Build configuration list for PBXNativeTarget "What are the odds?UITests" */;
			buildPhases = (
				23DD738327D8109F009A7512 /* Sources */,
				23DD738427D8109F009A7512 /* Frameworks */,
				23DD738527D8109F009A7512 /* Resources */,
			);
			buildRules = (
			);
			dependencies = (
				23DD738927D8109F009A7512 /* PBXTargetDependency */,
			);
			name = "What are the odds?UITests";
			productName = "What are the odds?UITests";
			productReference = 23DD738727D8109F009A7512 /* What are the odds?UITests.xctest */;
			productType = "com.apple.product-type.bundle.ui-testing";
		};
/* End PBXNativeTarget section */

/* Begin PBXProject section */
		23DD735F27D8109A009A7512 /* Project object */ = {
			isa = PBXProject;
			attributes = {
				BuildIndependentTargetsInParallel = 1;
				LastSwiftUpdateCheck = 1310;
				LastUpgradeCheck = 1310;
				TargetAttributes = {
					23DD736627D8109A009A7512 = {
						CreatedOnToolsVersion = 13.1;
					};
					23DD737C27D8109F009A7512 = {
						CreatedOnToolsVersion = 13.1;
						TestTargetID = 23DD736627D8109A009A7512;
					};
					23DD738627D8109F009A7512 = {
						CreatedOnToolsVersion = 13.1;
						TestTargetID = 23DD736627D8109A009A7512;
					};
				};
			};
			buildConfigurationList = 23DD736227D8109A009A7512 /* Build configuration list for PBXProject "What are the odds?" */;
			compatibilityVersion = "Xcode 13.0";
			developmentRegion = en;
			hasScannedForEncodings = 0;
			knownRegions = (
				en,
				Base,
			);
			mainGroup = 23DD735E27D8109A009A7512;
			productRefGroup = 23DD736827D8109A009A7512 /* Products */;
			projectDirPath = "";
			projectRoot = "";
			targets = (
				23DD736627D8109A009A7512 /* What are the odds? */,
				23DD737C27D8109F009A7512 /* What are the odds?Tests */,
				23DD738627D8109F009A7512 /* What are the odds?UITests */,
			);
		};
/* End PBXProject section */

/* Begin PBXResourcesBuildPhase section */
		23DD736527D8109A009A7512 /* Resources */ = {
			isa = PBXResourcesBuildPhase;
			buildActionMask = 2147483647;
			files = (
				23DD737727D8109E009A7512 /* LaunchScreen.storyboard in Resources */,
				23DD737427D8109E009A7512 /* Assets.xcassets in Resources */,
				23DD737227D8109A009A7512 /* Main.storyboard in Resources */,
			);
			runOnlyForDeploymentPostprocessing = 0;
		};
		23DD737B27D8109F009A7512 /* Resources */ = {
			isa = PBXResourcesBuildPhase;
			buildActionMask = 2147483647;
			files = (
			);
			runOnlyForDeploymentPostprocessing = 0;
		};
		23DD738527D8109F009A7512 /* Resources */ = {
			isa = PBXResourcesBuildPhase;
			buildActionMask = 2147483647;
			files = (
			);
			runOnlyForDeploymentPostprocessing = 0;
		};
/* End PBXResourcesBuildPhase section */

/* Begin PBXSourcesBuildPhase section */
		23DD736327D8109A009A7512 /* Sources */ = {
			isa = PBXSourcesBuildPhase;
			buildActionMask = 2147483647;
			files = (
				23DD736F27D8109A009A7512 /* ViewController.swift in Sources */,
				23DD736B27D8109A009A7512 /* AppDelegate.swift in Sources */,
				23DD736D27D8109A009A7512 /* SceneDelegate.swift in Sources */,
			);
			runOnlyForDeploymentPostprocessing = 0;
		};
		23DD737927D8109F009A7512 /* Sources */ = {
			isa = PBXSourcesBuildPhase;
			buildActionMask = 2147483647;
			files = (
				23DD738227D8109F009A7512 /* What_are_the_odds_Tests.swift in Sources */,
			);
			runOnlyForDeploymentPostprocessing = 0;
		};
		23DD738327D8109F009A7512 /* Sources */ = {
			isa = PBXSourcesBuildPhase;
			buildActionMask = 2147483647;
			files = (
				23DD738C27D8109F009A7512 /* What_are_the_odds_UITests.swift in Sources */,
				23DD738E27D8109F009A7512 /* What_are_the_odds_UITestsLaunchTests.swift in Sources */,
			);
			runOnlyForDeploymentPostprocessing = 0;
		};
/* End PBXSourcesBuildPhase section */

/* Begin PBXTargetDependency section */
		23DD737F27D8109F009A7512 /* PBXTargetDependency */ = {
			isa = PBXTargetDependency;
			target = 23DD736627D8109A009A7512 /* What are the odds? */;
			targetProxy = 23DD737E27D8109F009A7512 /* PBXContainerItemProxy */;
		};
		23DD738927D8109F009A7512 /* PBXTargetDependency */ = {
			isa = PBXTargetDependency;
			target = 23DD736627D8109A009A7512 /* What are the odds? */;
			targetProxy = 23DD738827D8109F009A7512 /* PBXContainerItemProxy */;
		};
/* End PBXTargetDependency section */

/* Begin PBXVariantGroup section */
		23DD737027D8109A009A7512 /* Main.storyboard */ = {
			isa = PBXVariantGroup;
			children = (
				23DD737127D8109A009A7512 /* Base */,
			);
			name = Main.storyboard;
			sourceTree = "<group>";
		};
		23DD737527D8109E009A7512 /* LaunchScreen.storyboard */ = {
			isa = PBXVariantGroup;
			children = (
				23DD737627D8109E009A7512 /* Base */,
			);
			name = LaunchScreen.storyboard;
			sourceTree = "<group>";
		};
/* End PBXVariantGroup section */

/* Begin XCBuildConfiguration section */
		23DD738F27D8109F009A7512 /* Debug */ = {
			isa = XCBuildConfiguration;
			buildSettings = {
				ALWAYS_SEARCH_USER_PATHS = NO;
				CLANG_ANALYZER_NONNULL = YES;
				CLANG_ANALYZER_NUMBER_OBJECT_CONVERSION = YES_AGGRESSIVE;
				CLANG_CXX_LANGUAGE_STANDARD = "gnu++17";
				CLANG_CXX_LIBRARY = "libc++";
				CLANG_ENABLE_MODULES = YES;
				CLANG_ENABLE_OBJC_ARC = YES;
				CLANG_ENABLE_OBJC_WEAK = YES;
				CLANG_WARN_BLOCK_CAPTURE_AUTORELEASING = YES;
				CLANG_WARN_BOOL_CONVERSION = YES;
				CLANG_WARN_COMMA = YES;
				CLANG_WARN_CONSTANT_CONVERSION = YES;
				CLANG_WARN_DEPRECATED_OBJC_IMPLEMENTATIONS = YES;
				CLANG_WARN_DIRECT_OBJC_ISA_USAGE = YES_ERROR;
				CLANG_WARN_DOCUMENTATION_COMMENTS = YES;
				CLANG_WARN_EMPTY_BODY = YES;
				CLANG_WARN_ENUM_CONVERSION = YES;
				CLANG_WARN_INFINITE_RECURSION = YES;
				CLANG_WARN_INT_CONVERSION = YES;
				CLANG_WARN_NON_LITERAL_NULL_CONVERSION = YES;
				CLANG_WARN_OBJC_IMPLICIT_RETAIN_SELF = YES;
				CLANG_WARN_OBJC_LITERAL_CONVERSION = YES;
				CLANG_WARN_OBJC_ROOT_CLASS = YES_ERROR;
				CLANG_WARN_QUOTED_INCLUDE_IN_FRAMEWORK_HEADER = YES;
				CLANG_WARN_RANGE_LOOP_ANALYSIS = YES;
				CLANG_WARN_STRICT_PROTOTYPES = YES;
				CLANG_WARN_SUSPICIOUS_MOVE = YES;
				CLANG_WARN_UNGUARDED_AVAILABILITY = YES_AGGRESSIVE;
				CLANG_WARN_UNREACHABLE_CODE = YES;
				CLANG_WARN__DUPLICATE_METHOD_MATCH = YES;
				COPY_PHASE_STRIP = NO;
				DEBUG_INFORMATION_FORMAT = dwarf;
				ENABLE_STRICT_OBJC_MSGSEND = YES;
				ENABLE_TESTABILITY = YES;
				GCC_C_LANGUAGE_STANDARD = gnu11;
				GCC_DYNAMIC_NO_PIC = NO;
				GCC_NO_COMMON_BLOCKS = YES;
				GCC_OPTIMIZATION_LEVEL = 0;
				GCC_PREPROCESSOR_DEFINITIONS = (
					"DEBUG=1",
					"$(inherited)",
				);
				GCC_WARN_64_TO_32_BIT_CONVERSION = YES;
				GCC_WARN_ABOUT_RETURN_TYPE = YES_ERROR;
				GCC_WARN_UNDECLARED_SELECTOR = YES;
				GCC_WARN_UNINITIALIZED_AUTOS = YES_AGGRESSIVE;
				GCC_WARN_UNUSED_FUNCTION = YES;
				GCC_WARN_UNUSED_VARIABLE = YES;
				IPHONEOS_DEPLOYMENT_TARGET = 15.0;
				MTL_ENABLE_DEBUG_INFO = INCLUDE_SOURCE;
				MTL_FAST_MATH = YES;
				ONLY_ACTIVE_ARCH = YES;
				SDKROOT = iphoneos;
				SWIFT_ACTIVE_COMPILATION_CONDITIONS = DEBUG;
				SWIFT_OPTIMIZATION_LEVEL = "-Onone";
			};
			name = Debug;
		};
		23DD739027D8109F009A7512 /* Release */ = {
			isa = XCBuildConfiguration;
			buildSettings = {
				ALWAYS_SEARCH_USER_PATHS = NO;
				CLANG_ANALYZER_NONNULL = YES;
				CLANG_ANALYZER_NUMBER_OBJECT_CONVERSION = YES_AGGRESSIVE;
				CLANG_CXX_LANGUAGE_STANDARD = "gnu++17";
				CLANG_CXX_LIBRARY = "libc++";
				CLANG_ENABLE_MODULES = YES;
				CLANG_ENABLE_OBJC_ARC = YES;
				CLANG_ENABLE_OBJC_WEAK = YES;
				CLANG_WARN_BLOCK_CAPTURE_AUTORELEASING = YES;
				CLANG_WARN_BOOL_CONVERSION = YES;
				CLANG_WARN_COMMA = YES;
				CLANG_WARN_CONSTANT_CONVERSION = YES;
				CLANG_WARN_DEPRECATED_OBJC_IMPLEMENTATIONS = YES;
				CLANG_WARN_DIRECT_OBJC_ISA_USAGE = YES_ERROR;
				CLANG_WARN_DOCUMENTATION_COMMENTS = YES;
				CLANG_WARN_EMPTY_BODY = YES;
				CLANG_WARN_ENUM_CONVERSION = YES;
				CLANG_WARN_INFINITE_RECURSION = YES;
				CLANG_WARN_INT_CONVERSION = YES;
				CLANG_WARN_NON_LITERAL_NULL_CONVERSION = YES;
				CLANG_WARN_OBJC_IMPLICIT_RETAIN_SELF = YES;
				CLANG_WARN_OBJC_LITERAL_CONVERSION = YES;
				CLANG_WARN_OBJC_ROOT_CLASS = YES_ERROR;
				CLANG_WARN_QUOTED_INCLUDE_IN_FRAMEWORK_HEADER = YES;
				CLANG_WARN_RANGE_LOOP_ANALYSIS = YES;
				CLANG_WARN_STRICT_PROTOTYPES = YES;
				CLANG_WARN_SUSPICIOUS_MOVE = YES;
				CLANG_WARN_UNGUARDED_AVAILABILITY = YES_AGGRESSIVE;
				CLANG_WARN_UNREACHABLE_CODE = YES;
				CLANG_WARN__DUPLICATE_METHOD_MATCH = YES;
				COPY_PHASE_STRIP = NO;
				DEBUG_INFORMATION_FORMAT = "dwarf-with-dsym";
				ENABLE_NS_ASSERTIONS = NO;
				ENABLE_STRICT_OBJC_MSGSEND = YES;
				GCC_C_LANGUAGE_STANDARD = gnu11;
				GCC_NO_COMMON_BLOCKS = YES;
				GCC_WARN_64_TO_32_BIT_CONVERSION = YES;
				GCC_WARN_ABOUT_RETURN_TYPE = YES_ERROR;
				GCC_WARN_UNDECLARED_SELECTOR = YES;
				GCC_WARN_UNINITIALIZED_AUTOS = YES_AGGRESSIVE;
				GCC_WARN_UNUSED_FUNCTION = YES;
				GCC_WARN_UNUSED_VARIABLE = YES;
				IPHONEOS_DEPLOYMENT_TARGET = 15.0;
				MTL_ENABLE_DEBUG_INFO = NO;
				MTL_FAST_MATH = YES;
				SDKROOT = iphoneos;
				SWIFT_COMPILATION_MODE = wholemodule;
				SWIFT_OPTIMIZATION_LEVEL = "-O";
				VALIDATE_PRODUCT = YES;
			};
			name = Release;
		};
		23DD739227D8109F009A7512 /* Debug */ = {
			isa = XCBuildConfiguration;
			buildSettings = {
				ASSETCATALOG_COMPILER_APPICON_NAME = AppIcon;
				ASSETCATALOG_COMPILER_GLOBAL_ACCENT_COLOR_NAME = AccentColor;
				CODE_SIGN_STYLE = Automatic;
				CURRENT_PROJECT_VERSION = 1;
				DEVELOPMENT_TEAM = BZL64FC8SW;
				GENERATE_INFOPLIST_FILE = YES;
				INFOPLIST_FILE = "What are the odds?/Info.plist";
				INFOPLIST_KEY_UIApplicationSupportsIndirectInputEvents = YES;
				INFOPLIST_KEY_UILaunchStoryboardName = LaunchScreen;
				INFOPLIST_KEY_UIMainStoryboardFile = Main;
				INFOPLIST_KEY_UISupportedInterfaceOrientations_iPad = "UIInterfaceOrientationPortrait UIInterfaceOrientationPortraitUpsideDown UIInterfaceOrientationLandscapeLeft UIInterfaceOrientationLandscapeRight";
				INFOPLIST_KEY_UISupportedInterfaceOrientations_iPhone = "UIInterfaceOrientationPortrait UIInterfaceOrientationLandscapeLeft UIInterfaceOrientationLandscapeRight";
				LD_RUNPATH_SEARCH_PATHS = (
					"$(inherited)",
					"@executable_path/Frameworks",
				);
				MARKETING_VERSION = 1.0;
				PRODUCT_BUNDLE_IDENTIFIER = "com.dalebobermien.What-are-the-odds-";
				PRODUCT_NAME = "$(TARGET_NAME)";
				SWIFT_EMIT_LOC_STRINGS = YES;
				SWIFT_VERSION = 5.0;
				TARGETED_DEVICE_FAMILY = "1,2";
			};
			name = Debug;
		};
		23DD739327D8109F009A7512 /* Release */ = {
			isa = XCBuildConfiguration;
			buildSettings = {
				ASSETCATALOG_COMPILER_APPICON_NAME = AppIcon;
				ASSETCATALOG_COMPILER_GLOBAL_ACCENT_COLOR_NAME = AccentColor;
				CODE_SIGN_STYLE = Automatic;
				CURRENT_PROJECT_VERSION = 1;
				DEVELOPMENT_TEAM = BZL64FC8SW;
				GENERATE_INFOPLIST_FILE = YES;
				INFOPLIST_FILE = "What are the odds?/Info.plist";
				INFOPLIST_KEY_UIApplicationSupportsIndirectInputEvents = YES;
				INFOPLIST_KEY_UILaunchStoryboardName = LaunchScreen;
				INFOPLIST_KEY_UIMainStoryboardFile = Main;
				INFOPLIST_KEY_UISupportedInterfaceOrientations_iPad = "UIInterfaceOrientationPortrait UIInterfaceOrientationPortraitUpsideDown UIInterfaceOrientationLandscapeLeft UIInterfaceOrientationLandscapeRight";
				INFOPLIST_KEY_UISupportedInterfaceOrientations_iPhone = "UIInterfaceOrientationPortrait UIInterfaceOrientationLandscapeLeft UIInterfaceOrientationLandscapeRight";
				LD_RUNPATH_SEARCH_PATHS = (
					"$(inherited)",
					"@executable_path/Frameworks",
				);
				MARKETING_VERSION = 1.0;
				PRODUCT_BUNDLE_IDENTIFIER = "com.dalebobermien.What-are-the-odds-";
				PRODUCT_NAME = "$(TARGET_NAME)";
				SWIFT_EMIT_LOC_STRINGS = YES;
				SWIFT_VERSION = 5.0;
				TARGETED_DEVICE_FAMILY = "1,2";
			};
			name = Release;
		};
		23DD739527D8109F009A7512 /* Debug */ = {
			isa = XCBuildConfiguration;
			buildSettings = {
				ALWAYS_EMBED_SWIFT_STANDARD_LIBRARIES = YES;
				BUNDLE_LOADER = "$(TEST_HOST)";
				CODE_SIGN_STYLE = Automatic;
				CURRENT_PROJECT_VERSION = 1;
				DEVELOPMENT_TEAM = BZL64FC8SW;
				GENERATE_INFOPLIST_FILE = YES;
				IPHONEOS_DEPLOYMENT_TARGET = 15.0;
				LD_RUNPATH_SEARCH_PATHS = (
					"$(inherited)",
					"@executable_path/Frameworks",
					"@loader_path/Frameworks",
				);
				MARKETING_VERSION = 1.0;
				PRODUCT_BUNDLE_IDENTIFIER = "com.dalebobermien.What-are-the-odds-Tests";
				PRODUCT_NAME = "$(TARGET_NAME)";
				SWIFT_EMIT_LOC_STRINGS = NO;
				SWIFT_VERSION = 5.0;
				TARGETED_DEVICE_FAMILY = "1,2";
				TEST_HOST = "$(BUILT_PRODUCTS_DIR)/What are the odds?.app/What are the odds?";
			};
			name = Debug;
		};
		23DD739627D8109F009A7512 /* Release */ = {
			isa = XCBuildConfiguration;
			buildSettings = {
				ALWAYS_EMBED_SWIFT_STANDARD_LIBRARIES = YES;
				BUNDLE_LOADER = "$(TEST_HOST)";
				CODE_SIGN_STYLE = Automatic;
				CURRENT_PROJECT_VERSION = 1;
				DEVELOPMENT_TEAM = BZL64FC8SW;
				GENERATE_INFOPLIST_FILE = YES;
				IPHONEOS_DEPLOYMENT_TARGET = 15.0;
				LD_RUNPATH_SEARCH_PATHS = (
					"$(inherited)",
					"@executable_path/Frameworks",
					"@loader_path/Frameworks",
				);
				MARKETING_VERSION = 1.0;
				PRODUCT_BUNDLE_IDENTIFIER = "com.dalebobermien.What-are-the-odds-Tests";
				PRODUCT_NAME = "$(TARGET_NAME)";
				SWIFT_EMIT_LOC_STRINGS = NO;
				SWIFT_VERSION = 5.0;
				TARGETED_DEVICE_FAMILY = "1,2";
				TEST_HOST = "$(BUILT_PRODUCTS_DIR)/What are the odds?.app/What are the odds?";
			};
			name = Release;
		};
		23DD739827D8109F009A7512 /* Debug */ = {
			isa = XCBuildConfiguration;
			buildSettings = {
				ALWAYS_EMBED_SWIFT_STANDARD_LIBRARIES = YES;
				CODE_SIGN_STYLE = Automatic;
				CURRENT_PROJECT_VERSION = 1;
				DEVELOPMENT_TEAM = BZL64FC8SW;
				GENERATE_INFOPLIST_FILE = YES;
				LD_RUNPATH_SEARCH_PATHS = (
					"$(inherited)",
					"@executable_path/Frameworks",
					"@loader_path/Frameworks",
				);
				MARKETING_VERSION = 1.0;
				PRODUCT_BUNDLE_IDENTIFIER = "com.dalebobermien.What-are-the-odds-UITests";
				PRODUCT_NAME = "$(TARGET_NAME)";
				SWIFT_EMIT_LOC_STRINGS = NO;
				SWIFT_VERSION = 5.0;
				TARGETED_DEVICE_FAMILY = "1,2";
				TEST_TARGET_NAME = "What are the odds?";
			};
			name = Debug;
		};
		23DD739927D8109F009A7512 /* Release */ = {
			isa = XCBuildConfiguration;
			buildSettings = {
				ALWAYS_EMBED_SWIFT_STANDARD_LIBRARIES = YES;
				CODE_SIGN_STYLE = Automatic;
				CURRENT_PROJECT_VERSION = 1;
				DEVELOPMENT_TEAM = BZL64FC8SW;
				GENERATE_INFOPLIST_FILE = YES;
				LD_RUNPATH_SEARCH_PATHS = (
					"$(inherited)",
					"@executable_path/Frameworks",
					"@loader_path/Frameworks",
				);
				MARKETING_VERSION = 1.0;
				PRODUCT_BUNDLE_IDENTIFIER = "com.dalebobermien.What-are-the-odds-UITests";
				PRODUCT_NAME = "$(TARGET_NAME)";
				SWIFT_EMIT_LOC_STRINGS = NO;
				SWIFT_VERSION = 5.0;
				TARGETED_DEVICE_FAMILY = "1,2";
				TEST_TARGET_NAME = "What are the odds?";
			};
			name = Release;
		};
/* End XCBuildConfiguration section */

/* Begin XCConfigurationList section */
		23DD736227D8109A009A7512 /* Build configuration list for PBXProject "What are the odds?" */ = {
			isa = XCConfigurationList;
			buildConfigurations = (
				23DD738F27D8109F009A7512 /* Debug */,
				23DD739027D8109F009A7512 /* Release */,
			);
			defaultConfigurationIsVisible = 0;
			defaultConfigurationName = Release;
		};
		23DD739127D8109F009A7512 /* Build configuration list for PBXNativeTarget "What are the odds?" */ = {
			isa = XCConfigurationList;
			buildConfigurations = (
				23DD739227D8109F009A7512 /* Debug */,
				23DD739327D8109F009A7512 /* Release */,
			);
			defaultConfigurationIsVisible = 0;
			defaultConfigurationName = Release;
		};
		23DD739427D8109F009A7512 /* Build configuration list for PBXNativeTarget "What are the odds?Tests" */ = {
			isa = XCConfigurationList;
			buildConfigurations = (
				23DD739527D8109F009A7512 /* Debug */,
				23DD739627D8109F009A7512 /* Release */,
			);
			defaultConfigurationIsVisible = 0;
			defaultConfigurationName = Release;
		};
		23DD739727D8109F009A7512 /* Build configuration list for PBXNativeTarget "What are the odds?UITests" */ = {
			isa = XCConfigurationList;
			buildConfigurations = (
				23DD739827D8109F009A7512 /* Debug */,
				23DD739927D8109F009A7512 /* Release */,
			);
			defaultConfigurationIsVisible = 0;
			defaultConfigurationName = Release;
		};
/* End XCConfigurationList section */
	};
	rootObject = 23DD735F27D8109A009A7512 /* Project object */;
}
